
Microsoft Visual Studio Solution File, Format Version 12.00
# Visual Studio Version 17
VisualStudioVersion = 17.10.35013.160
MinimumVisualStudioVersion = 10.0.40219.1
Project("{FAE04EC0-301F-11D3-BF4B-00C04F79EFBC}") = "StudentsRegistryPOM", "StudentsRegistryPOM.csproj", "{C7FD02BF-DFAC-42E4-828A-108D28D1F6A4}"
EndProject
Global
	GlobalSection(SolutionConfigurationPlatforms) = preSolution
		Debug|Any CPU = Debug|Any CPU
		Release|Any CPU = Release|Any CPU
	EndGlobalSection
	GlobalSection(ProjectConfigurationPlatforms) = postSolution
		{C7FD02BF-DFAC-42E4-828A-108D28D1F6A4}.Debug|Any CPU.ActiveCfg = Debug|Any CPU
		{C7FD02BF-DFAC-42E4-828A-108D28D1F6A4}.Debug|Any CPU.Build.0 = Debug|Any CPU
		{C7FD02BF-DFAC-42E4-828A-108D28D1F6A4}.Release|Any CPU.ActiveCfg = Release|Any CPU
		{C7FD02BF-DFAC-42E4-828A-108D28D1F6A4}.Release|Any CPU.Build.0 = Release|Any CPU
	EndGlobalSection
	GlobalSection(SolutionProperties) = preSolution
		HideSolutionNode = FALSE
	EndGlobalSection
	GlobalSection(ExtensibilityGlobals) = postSolution
		SolutionGuid = {E5A49FFF-AB66-4608-A3FC-DD3B6B30A2BF}
	EndGlobalSection
EndGlobal
